<?xml version="1.0" encoding="UTF-8" standalone="yes" ?>
<CodeBlocks_project_file>
	<FileVersion major="1" minor="6" />
	<Project>
		<Option title="course_work" />
		<Option pch_mode="2" />
		<Option compiler="gcc" />
		<Build>
			<Target title="Debug">
				<Option output="bin/Debug/course_work" prefix_auto="1" extension_auto="1" />
				<Option object_output="obj/Debug/" />
				<Option type="1" />
				<Option compiler="gcc" />
				<Compiler>
					<Add option="-g" />
				</Compiler>
			</Target>
			<Target title="Release">
				<Option output="bin/Release/course_work" prefix_auto="1" extension_auto="1" />
				<Option object_output="obj/Release/" />
				<Option type="1" />
				<Option compiler="gcc" />
				<Compiler>
					<Add option="-O2" />
				</Compiler>
				<Linker>
					<Add option="-s" />
				</Linker>
			</Target>
		</Build>
		<Compiler>
			<Add option="-Wall" />
		</Compiler>
		<Unit filename="functions/add_node.c">
			<Option compilerVar="CC" />
		</Unit>
		<Unit filename="functions/copy_node.c">
			<Option compilerVar="CC" />
		</Unit>
		<Unit filename="functions/create_node.c">
			<Option compilerVar="CC" />
		</Unit>
		<Unit filename="functions/delete_node.c">
			<Option compilerVar="CC" />
		</Unit>
		<Unit filename="functions/edit_node.c">
			<Option compilerVar="CC" />
		</Unit>
		<Unit filename="functions/io.c">
			<Option compilerVar="CC" />
		</Unit>
		<Unit filename="functions/menu.c">
			<Option compilerVar="CC" />
		</Unit>
		<Unit filename="functions/save_node.c">
			<Option compilerVar="CC" />
		</Unit>
		<Unit filename="functions/search_node.c">
			<Option compilerVar="CC" />
		</Unit>
		<Unit filename="functions/sort_node.c">
			<Option compilerVar="CC" />
		</Unit>
		<Unit filename="functions/swap_node.c">
			<Option compilerVar="CC" />
		</Unit>
		<Unit filename="headers/add_node.h" />
		<Unit filename="headers/copy_node.h" />
		<Unit filename="headers/create_node.h" />
		<Unit filename="headers/delete_node.h" />
		<Unit filename="headers/edit_node.h" />
		<Unit filename="headers/io.h" />
		<Unit filename="headers/menu.h" />
		<Unit filename="headers/save_node.h" />
		<Unit filename="headers/search_node.h" />
		<Unit filename="headers/sort_node.h" />
		<Unit filename="headers/structure.h" />
		<Unit filename="headers/swap_node.h" />
		<Unit filename="main.c">
			<Option compilerVar="CC" />
		</Unit>
		<Extensions>
			<code_completion />
			<envvars />
			<debugger />
		</Extensions>
	</Project>
</CodeBlocks_project_file>
